
Microsoft Visual Studio Solution File, Format Version 12.00
# Visual Studio Version 16
VisualStudioVersion = 16.0.33927.289
MinimumVisualStudioVersion = 10.0.40219.1
Project("{FAE04EC0-301F-11D3-BF4B-00C04F79EFBC}") = "filmlexikon", "filmlexikon.csproj", "{FB33D2B0-6F86-4B5E-81C5-A46704DC61BB}"
EndProject
Project("{FAE04EC0-301F-11D3-BF4B-00C04F79EFBC}") = "filmlexikonTests", "..\filmlexikonTests\filmlexikonTests.csproj", "{A0F68ED8-F015-4011-BFEF-EB09F6D97A59}"
EndProject
Global
	GlobalSection(SolutionConfigurationPlatforms) = preSolution
		Debug|Any CPU = Debug|Any CPU
		Release|Any CPU = Release|Any CPU
	EndGlobalSection
	GlobalSection(ProjectConfigurationPlatforms) = postSolution
		{FB33D2B0-6F86-4B5E-81C5-A46704DC61BB}.Debug|Any CPU.ActiveCfg = Debug|Any CPU
		{FB33D2B0-6F86-4B5E-81C5-A46704DC61BB}.Debug|Any CPU.Build.0 = Debug|Any CPU
		{FB33D2B0-6F86-4B5E-81C5-A46704DC61BB}.Release|Any CPU.ActiveCfg = Release|Any CPU
		{FB33D2B0-6F86-4B5E-81C5-A46704DC61BB}.Release|Any CPU.Build.0 = Release|Any CPU
		{A0F68ED8-F015-4011-BFEF-EB09F6D97A59}.Debug|Any CPU.ActiveCfg = Debug|Any CPU
		{A0F68ED8-F015-4011-BFEF-EB09F6D97A59}.Debug|Any CPU.Build.0 = Debug|Any CPU
		{A0F68ED8-F015-4011-BFEF-EB09F6D97A59}.Release|Any CPU.ActiveCfg = Release|Any CPU
		{A0F68ED8-F015-4011-BFEF-EB09F6D97A59}.Release|Any CPU.Build.0 = Release|Any CPU
	EndGlobalSection
	GlobalSection(SolutionProperties) = preSolution
		HideSolutionNode = FALSE
	EndGlobalSection
	GlobalSection(ExtensibilityGlobals) = postSolution
		SolutionGuid = {13C8C587-B631-4364-9149-69919C9EEA49}
	EndGlobalSection
EndGlobal
